
Microsoft Visual Studio Solution File, Format Version 12.00
# Visual Studio Version 17
VisualStudioVersion = 17.9.34902.65
MinimumVisualStudioVersion = 10.0.40219.1
Project("{FAE04EC0-301F-11D3-BF4B-00C04F79EFBC}") = "VSBuilder", "VSBuilder\VSBuilder.csproj", "{BE559323-A3F5-4872-9257-514BA603DF56}"
EndProject
Project("{2150E333-8FDC-42A3-9474-1A3956D46DE8}") = "Lua Code", "Lua Code", "{EA052073-0894-4BBA-81DC-5E4983BB012E}"
EndProject
Global
	GlobalSection(SolutionConfigurationPlatforms) = preSolution
		Debug|Any CPU = Debug|Any CPU
		Release|Any CPU = Release|Any CPU
	EndGlobalSection
	GlobalSection(ProjectConfigurationPlatforms) = postSolution
		{BE559323-A3F5-4872-9257-514BA603DF56}.Debug|Any CPU.ActiveCfg = Debug|Any CPU
		{BE559323-A3F5-4872-9257-514BA603DF56}.Debug|Any CPU.Build.0 = Debug|Any CPU
		{BE559323-A3F5-4872-9257-514BA603DF56}.Release|Any CPU.ActiveCfg = Release|Any CPU
		{BE559323-A3F5-4872-9257-514BA603DF56}.Release|Any CPU.Build.0 = Release|Any CPU
	EndGlobalSection
	GlobalSection(SolutionProperties) = preSolution
		HideSolutionNode = FALSE
	EndGlobalSection
	GlobalSection(ExtensibilityGlobals) = postSolution
		SolutionGuid = {85CDF311-CFB6-4E02-A553-714535FD3E52}
	EndGlobalSection
EndGlobal
